
Microsoft Visual Studio Solution File, Format Version 12.00
# Visual Studio Version 17
VisualStudioVersion = 17.8.34511.84
MinimumVisualStudioVersion = 10.0.40219.1
Project("{FAE04EC0-301F-11D3-BF4B-00C04F79EFBC}") = "WpfAppMail", "WpfAppMail\WpfAppMail.csproj", "{C8C3FB4E-4194-41AF-98F9-86D4A4B68721}"
EndProject
Global
	GlobalSection(SolutionConfigurationPlatforms) = preSolution
		Debug|Any CPU = Debug|Any CPU
		Release|Any CPU = Release|Any CPU
	EndGlobalSection
	GlobalSection(ProjectConfigurationPlatforms) = postSolution
		{C8C3FB4E-4194-41AF-98F9-86D4A4B68721}.Debug|Any CPU.ActiveCfg = Debug|Any CPU
		{C8C3FB4E-4194-41AF-98F9-86D4A4B68721}.Debug|Any CPU.Build.0 = Debug|Any CPU
		{C8C3FB4E-4194-41AF-98F9-86D4A4B68721}.Release|Any CPU.ActiveCfg = Release|Any CPU
		{C8C3FB4E-4194-41AF-98F9-86D4A4B68721}.Release|Any CPU.Build.0 = Release|Any CPU
	EndGlobalSection
	GlobalSection(SolutionProperties) = preSolution
		HideSolutionNode = FALSE
	EndGlobalSection
	GlobalSection(ExtensibilityGlobals) = postSolution
		SolutionGuid = {04CB0943-7067-4664-9077-DFAAAB8D6D1B}
	EndGlobalSection
EndGlobal
